
Microsoft Visual Studio Solution File, Format Version 12.00
Project("{2150E333-8FDC-42A3-9474-1A3956D46DE8}") = "Tests", "Tests", "{78FF8B1F-2102-4DCC-B3F0-6936E94CCBF6}"
EndProject
Project("{2150E333-8FDC-42A3-9474-1A3956D46DE8}") = "DataAccess", "DataAccess", "{D96F700D-C72C-4DAC-84B0-5EB213724E0B}"
EndProject
Project("{FAE04EC0-301F-11D3-BF4B-00C04F79EFBC}") = "Shared", "Shared\Shared.csproj", "{27CE4EC3-1347-423B-B263-4E06EB109092}"
EndProject
Project("{FAE04EC0-301F-11D3-BF4B-00C04F79EFBC}") = "Local", "Local\Local.csproj", "{9AD7FDC1-C582-4C22-8662-CC74FF27A804}"
EndProject
Project("{FAE04EC0-301F-11D3-BF4B-00C04F79EFBC}") = "DbPostgresMigrator", "DbPostgresMigrator\DbPostgresMigrator.csproj", "{C616911D-9C4A-4F3B-9BAB-536368A36ADF}"
EndProject
Project("{FAE04EC0-301F-11D3-BF4B-00C04F79EFBC}") = "DbPostgres", "DbPostgres\DbPostgres.csproj", "{96414F45-57EF-4686-ACD3-55DFD7977193}"
EndProject
Project("{FAE04EC0-301F-11D3-BF4B-00C04F79EFBC}") = "BillingAPI.IntegrationTests", "BillingAPI.IntegrationTests\BillingAPI.IntegrationTests.csproj", "{5C407816-542E-4D90-97D7-F928A08549C3}"
EndProject
Project("{FAE04EC0-301F-11D3-BF4B-00C04F79EFBC}") = "Shared.Tests", "Shared.Tests\Shared.Tests.csproj", "{EF22BB75-F6B8-4283-8F0A-69EFF227C237}"
EndProject
Project("{FAE04EC0-301F-11D3-BF4B-00C04F79EFBC}") = "BillingAPI", "BillingAPI\BillingAPI.csproj", "{C650F863-8D26-4596-BB26-329CB44E54F7}"
EndProject
Project("{FAE04EC0-301F-11D3-BF4B-00C04F79EFBC}") = "BillingGrpcServer", "BillingGrpcServer\BillingGrpcServer.csproj", "{F082CA42-BB98-4F3D-954F-B0950602701D}"
EndProject
Global
	GlobalSection(SolutionConfigurationPlatforms) = preSolution
		Debug|Any CPU = Debug|Any CPU
		Release|Any CPU = Release|Any CPU
	EndGlobalSection
	GlobalSection(ProjectConfigurationPlatforms) = postSolution
		{27CE4EC3-1347-423B-B263-4E06EB109092}.Debug|Any CPU.ActiveCfg = Debug|Any CPU
		{27CE4EC3-1347-423B-B263-4E06EB109092}.Debug|Any CPU.Build.0 = Debug|Any CPU
		{27CE4EC3-1347-423B-B263-4E06EB109092}.Release|Any CPU.ActiveCfg = Release|Any CPU
		{27CE4EC3-1347-423B-B263-4E06EB109092}.Release|Any CPU.Build.0 = Release|Any CPU
		{9AD7FDC1-C582-4C22-8662-CC74FF27A804}.Debug|Any CPU.ActiveCfg = Debug|Any CPU
		{9AD7FDC1-C582-4C22-8662-CC74FF27A804}.Debug|Any CPU.Build.0 = Debug|Any CPU
		{9AD7FDC1-C582-4C22-8662-CC74FF27A804}.Release|Any CPU.ActiveCfg = Release|Any CPU
		{9AD7FDC1-C582-4C22-8662-CC74FF27A804}.Release|Any CPU.Build.0 = Release|Any CPU
		{C616911D-9C4A-4F3B-9BAB-536368A36ADF}.Debug|Any CPU.ActiveCfg = Debug|Any CPU
		{C616911D-9C4A-4F3B-9BAB-536368A36ADF}.Debug|Any CPU.Build.0 = Debug|Any CPU
		{C616911D-9C4A-4F3B-9BAB-536368A36ADF}.Release|Any CPU.ActiveCfg = Release|Any CPU
		{C616911D-9C4A-4F3B-9BAB-536368A36ADF}.Release|Any CPU.Build.0 = Release|Any CPU
		{96414F45-57EF-4686-ACD3-55DFD7977193}.Debug|Any CPU.ActiveCfg = Debug|Any CPU
		{96414F45-57EF-4686-ACD3-55DFD7977193}.Debug|Any CPU.Build.0 = Debug|Any CPU
		{96414F45-57EF-4686-ACD3-55DFD7977193}.Release|Any CPU.ActiveCfg = Release|Any CPU
		{96414F45-57EF-4686-ACD3-55DFD7977193}.Release|Any CPU.Build.0 = Release|Any CPU
		{5C407816-542E-4D90-97D7-F928A08549C3}.Debug|Any CPU.ActiveCfg = Debug|Any CPU
		{5C407816-542E-4D90-97D7-F928A08549C3}.Debug|Any CPU.Build.0 = Debug|Any CPU
		{5C407816-542E-4D90-97D7-F928A08549C3}.Release|Any CPU.ActiveCfg = Release|Any CPU
		{5C407816-542E-4D90-97D7-F928A08549C3}.Release|Any CPU.Build.0 = Release|Any CPU
		{EF22BB75-F6B8-4283-8F0A-69EFF227C237}.Debug|Any CPU.ActiveCfg = Debug|Any CPU
		{EF22BB75-F6B8-4283-8F0A-69EFF227C237}.Debug|Any CPU.Build.0 = Debug|Any CPU
		{EF22BB75-F6B8-4283-8F0A-69EFF227C237}.Release|Any CPU.ActiveCfg = Release|Any CPU
		{EF22BB75-F6B8-4283-8F0A-69EFF227C237}.Release|Any CPU.Build.0 = Release|Any CPU
		{C650F863-8D26-4596-BB26-329CB44E54F7}.Debug|Any CPU.ActiveCfg = Debug|Any CPU
		{C650F863-8D26-4596-BB26-329CB44E54F7}.Debug|Any CPU.Build.0 = Debug|Any CPU
		{C650F863-8D26-4596-BB26-329CB44E54F7}.Release|Any CPU.ActiveCfg = Release|Any CPU
		{C650F863-8D26-4596-BB26-329CB44E54F7}.Release|Any CPU.Build.0 = Release|Any CPU
		{F082CA42-BB98-4F3D-954F-B0950602701D}.Debug|Any CPU.ActiveCfg = Debug|Any CPU
		{F082CA42-BB98-4F3D-954F-B0950602701D}.Debug|Any CPU.Build.0 = Debug|Any CPU
		{F082CA42-BB98-4F3D-954F-B0950602701D}.Release|Any CPU.ActiveCfg = Release|Any CPU
		{F082CA42-BB98-4F3D-954F-B0950602701D}.Release|Any CPU.Build.0 = Release|Any CPU
	EndGlobalSection
	GlobalSection(NestedProjects) = preSolution
		{27CE4EC3-1347-423B-B263-4E06EB109092} = {D96F700D-C72C-4DAC-84B0-5EB213724E0B}
		{9AD7FDC1-C582-4C22-8662-CC74FF27A804} = {D96F700D-C72C-4DAC-84B0-5EB213724E0B}
		{C616911D-9C4A-4F3B-9BAB-536368A36ADF} = {D96F700D-C72C-4DAC-84B0-5EB213724E0B}
		{96414F45-57EF-4686-ACD3-55DFD7977193} = {D96F700D-C72C-4DAC-84B0-5EB213724E0B}
		{5C407816-542E-4D90-97D7-F928A08549C3} = {78FF8B1F-2102-4DCC-B3F0-6936E94CCBF6}
		{EF22BB75-F6B8-4283-8F0A-69EFF227C237} = {78FF8B1F-2102-4DCC-B3F0-6936E94CCBF6}
	EndGlobalSection
EndGlobal
